#MicroXplorer Configuration settings - do not modify
File.Version=6
GPIO.groupedBy=Group By Peripherals
KeepUserPlacement=false
Mcu.Family=STM32F1
Mcu.IP0=NVIC
Mcu.IP1=RCC
Mcu.IP2=SYS
Mcu.IPNb=3
Mcu.Name=STM32F103R(F-G)Tx
Mcu.Package=LQFP64
Mcu.Pin0=PC0
Mcu.Pin1=PC1
Mcu.Pin10=PC7
Mcu.Pin11=PA13
Mcu.Pin12=PA14
Mcu.Pin13=PA15
Mcu.Pin14=PB3
Mcu.Pin15=PB4
Mcu.Pin16=VP_SYS_VS_Systick
Mcu.Pin2=PC2
Mcu.Pin3=PC3
Mcu.Pin4=PC4
Mcu.Pin5=PB10
Mcu.Pin6=PB11
Mcu.Pin7=PB14
Mcu.Pin8=PB15
Mcu.Pin9=PC6
Mcu.PinsNb=17
Mcu.ThirdPartyNb=0
Mcu.UserConstants=
Mcu.UserName=STM32F103RGTx
MxCube.Version=6.2.0
MxDb.Version=DB.6.0.20
NVIC.BusFault_IRQn=true\:0\:0\:false\:false\:true\:false\:false
NVIC.DebugMonitor_IRQn=true\:0\:0\:false\:false\:true\:false\:false
NVIC.EXTI0_IRQn=true\:0\:0\:false\:false\:true\:true\:true
NVIC.EXTI1_IRQn=true\:0\:0\:false\:false\:true\:true\:true
NVIC.EXTI2_IRQn=true\:0\:0\:false\:false\:true\:true\:true
NVIC.EXTI3_IRQn=true\:0\:0\:false\:false\:true\:true\:true
NVIC.EXTI4_IRQn=true\:0\:0\:false\:false\:true\:true\:true
NVIC.EXTI9_5_IRQn=true\:0\:0\:false\:false\:true\:true\:true
NVIC.ForceEnableDMAVector=true
NVIC.HardFault_IRQn=true\:0\:0\:false\:false\:true\:false\:false
NVIC.MemoryManagement_IRQn=true\:0\:0\:false\:false\:true\:false\:false
NVIC.NonMaskableInt_IRQn=true\:0\:0\:false\:false\:true\:false\:false
NVIC.PendSV_IRQn=true\:0\:0\:false\:false\:true\:false\:false
NVIC.PriorityGroup=NVIC_PRIORITYGROUP_4
NVIC.SVCall_IRQn=true\:0\:0\:false\:false\:true\:false\:false
NVIC.SysTick_IRQn=true\:0\:0\:false\:false\:true\:false\:true
NVIC.UsageFault_IRQn=true\:0\:0\:false\:false\:true\:false\:false
PA13.Mode=JTAG_5_pins
PA13.Signal=SYS_JTMS-SWDIO
PA14.Mode=JTAG_5_pins
PA14.Signal=SYS_JTCK-SWCLK
PA15.Mode=JTAG_5_pins
PA15.Signal=SYS_JTDI
PB10.GPIOParameters=GPIO_Label
PB10.GPIO_Label=Zumer1
PB10.Locked=true
PB10.Signal=GPIO_Output
PB11.GPIOParameters=GPIO_Label
PB11.GPIO_Label=Zumer2
PB11.Locked=true
PB11.Signal=GPIO_Output
PB14.GPIOParameters=GPIO_Label
PB14.GPIO_Label=GreenLed 1
PB14.Locked=true
PB14.Signal=GPIO_Output
PB15.GPIOParameters=GPIO_Label
PB15.GPIO_Label=GreenLed 2
PB15.Locked=true
PB15.Signal=GPIO_Output
PB3.Mode=JTAG_5_pins
PB3.Signal=SYS_JTDO-TRACESWO
PB4.Locked=true
PB4.Mode=JTAG_5_pins
PB4.Signal=SYS_NJTRST
PC0.GPIOParameters=GPIO_Label
PC0.GPIO_Label=Data 01
PC0.Locked=true
PC0.Signal=GPXTI0
PC1.GPIOParameters=GPIO_Label
PC1.GPIO_Label=Data 11
PC1.Locked=true
PC1.Signal=GPXTI1
PC2.GPIOParameters=GPIO_Label,GPIO_ModeDefaultEXTI
PC2.GPIO_Label=BT 0
PC2.GPIO_ModeDefaultEXTI=GPIO_MODE_IT_RISING
PC2.Locked=true
PC2.Signal=GPXTI2
PC3.GPIOParameters=GPIO_Label,GPIO_ModeDefaultEXTI
PC3.GPIO_Label=BT 1
PC3.GPIO_ModeDefaultEXTI=GPIO_MODE_IT_RISING
PC3.Locked=true
PC3.Signal=GPXTI3
PC4.GPIOParameters=GPIO_Label,GPIO_ModeDefaultEXTI
PC4.GPIO_Label=IN 00
PC4.GPIO_ModeDefaultEXTI=GPIO_MODE_IT_RISING_FALLING
PC4.Locked=true
PC4.Signal=GPXTI4
PC6.GPIOParameters=GPIO_Label
PC6.GPIO_Label=Data 02
PC6.Locked=true
PC6.Signal=GPXTI6
PC7.GPIOParameters=GPIO_Label
PC7.GPIO_Label=Data 12
PC7.Locked=true
PC7.Signal=GPXTI7
PinOutPanel.RotationAngle=0
ProjectManager.AskForMigrate=true
ProjectManager.BackupPrevious=false
ProjectManager.CompilerOptimize=6
ProjectManager.ComputerToolchain=false
ProjectManager.CoupleFile=false
ProjectManager.CustomerFirmwarePackage=
ProjectManager.DefaultFWLocation=true
ProjectManager.DeletePrevious=true
ProjectManager.DeviceId=STM32F103RGTx
ProjectManager.FirmwarePackage=STM32Cube FW_F1 V1.8.3
ProjectManager.FreePins=false
ProjectManager.HalAssertFull=false
ProjectManager.HeapSize=0x200
ProjectManager.KeepUserCode=true
ProjectManager.LastFirmware=true
ProjectManager.LibraryCopy=0
ProjectManager.MainLocation=Core/Src
ProjectManager.NoMain=false
ProjectManager.PreviousToolchain=
ProjectManager.ProjectBuild=false
ProjectManager.ProjectFileName=TestProject.ioc
ProjectManager.ProjectName=TestProject
ProjectManager.RegisterCallBack=
ProjectManager.StackSize=0x400
ProjectManager.TargetToolchain=Makefile
ProjectManager.ToolChainLocation=
ProjectManager.UnderRoot=false
ProjectManager.functionlistsort=1-MX_GPIO_Init-GPIO-false-HAL-true,2-SystemClock_Config-RCC-false-HAL-false
RCC.APB1Freq_Value=8000000
RCC.APB2Freq_Value=8000000
RCC.FamilyName=M
RCC.IPParameters=APB1Freq_Value,APB2Freq_Value,FamilyName,PLLCLKFreq_Value,PLLMCOFreq_Value,TimSysFreq_Value,USBFreq_Value,VCOOutput2Freq_Value
RCC.PLLCLKFreq_Value=8000000
RCC.PLLMCOFreq_Value=4000000
RCC.TimSysFreq_Value=8000000
RCC.USBFreq_Value=8000000
RCC.VCOOutput2Freq_Value=4000000
SH.GPXTI0.0=GPIO_EXTI0
SH.GPXTI0.ConfNb=1
SH.GPXTI1.0=GPIO_EXTI1
SH.GPXTI1.ConfNb=1
SH.GPXTI2.0=GPIO_EXTI2
SH.GPXTI2.ConfNb=1
SH.GPXTI3.0=GPIO_EXTI3
SH.GPXTI3.ConfNb=1
SH.GPXTI4.0=GPIO_EXTI4
SH.GPXTI4.ConfNb=1
SH.GPXTI6.0=GPIO_EXTI6
SH.GPXTI6.ConfNb=1
SH.GPXTI7.0=GPIO_EXTI7
SH.GPXTI7.ConfNb=1
VP_SYS_VS_Systick.Mode=SysTick
VP_SYS_VS_Systick.Signal=SYS_VS_Systick
board=custom
